{
  "name": "bytebank",
  "version": "1.0.0",
  "lockfileVersion": 2,
  "requires": true,
  "packages": {
    "": {
      "name": "bytebank",
      "version": "1.0.0",
      "license": "ISC",
      "dependencies": {
        "systemjs": "^6.14.0"
      }
    },
    "node_modules/systemjs": {
      "version": "6.14.0",
      "resolved": "https://registry.npmjs.org/systemjs/-/systemjs-6.14.0.tgz",
      "integrity": "sha512-OMf+kFCYG9fLQerUyw/QVIPfZ+lo579R+usrDzSrZAkvMl6B0tHtc4rUP7DFaPCr7Sy6p5DYD4V9OCF1Sp6+vA=="
    }
  },
  "dependencies": {
    "systemjs": {
      "version": "6.14.0",
      "resolved": "https://registry.npmjs.org/systemjs/-/systemjs-6.14.0.tgz",
      "integrity": "sha512-OMf+kFCYG9fLQerUyw/QVIPfZ+lo579R+usrDzSrZAkvMl6B0tHtc4rUP7DFaPCr7Sy6p5DYD4V9OCF1Sp6+vA=="
    }
  }
}
